
Microsoft Visual Studio Solution File, Format Version 12.00
# Visual Studio Version 17
VisualStudioVersion = 17.10.34928.147
MinimumVisualStudioVersion = 10.0.40219.1
Project("{FAE04EC0-301F-11D3-BF4B-00C04F79EFBC}") = "WS_CONVUNI_SOAPDOTNET", "WS_CONVUNI_SOAPDOTNET\WS_CONVUNI_SOAPDOTNET.csproj", "{C0A8B225-C2DB-4EBD-8C71-41127E9DEAEF}"
EndProject
Global
	GlobalSection(SolutionConfigurationPlatforms) = preSolution
		Debug|Any CPU = Debug|Any CPU
		Release|Any CPU = Release|Any CPU
	EndGlobalSection
	GlobalSection(ProjectConfigurationPlatforms) = postSolution
		{C0A8B225-C2DB-4EBD-8C71-41127E9DEAEF}.Debug|Any CPU.ActiveCfg = Debug|Any CPU
		{C0A8B225-C2DB-4EBD-8C71-41127E9DEAEF}.Debug|Any CPU.Build.0 = Debug|Any CPU
		{C0A8B225-C2DB-4EBD-8C71-41127E9DEAEF}.Release|Any CPU.ActiveCfg = Release|Any CPU
		{C0A8B225-C2DB-4EBD-8C71-41127E9DEAEF}.Release|Any CPU.Build.0 = Release|Any CPU
	EndGlobalSection
	GlobalSection(SolutionProperties) = preSolution
		HideSolutionNode = FALSE
	EndGlobalSection
	GlobalSection(ExtensibilityGlobals) = postSolution
		SolutionGuid = {2D89827F-7874-47DB-B1F4-5740993283BC}
	EndGlobalSection
EndGlobal
