
Microsoft Visual Studio Solution File, Format Version 12.00
# Visual Studio Version 17
VisualStudioVersion = 17.10.34928.147
MinimumVisualStudioVersion = 10.0.40219.1
Project("{FAE04EC0-301F-11D3-BF4B-00C04F79EFBC}") = "WS_CONVUNI_SOAPDOTNET_CLICON", "WS_CONVUNI_SOAPDOTNET_CLICON\WS_CONVUNI_SOAPDOTNET_CLICON.csproj", "{B6ABF286-795A-40F9-A560-3561FC02584C}"
EndProject
Global
	GlobalSection(SolutionConfigurationPlatforms) = preSolution
		Debug|Any CPU = Debug|Any CPU
		Release|Any CPU = Release|Any CPU
	EndGlobalSection
	GlobalSection(ProjectConfigurationPlatforms) = postSolution
		{B6ABF286-795A-40F9-A560-3561FC02584C}.Debug|Any CPU.ActiveCfg = Debug|Any CPU
		{B6ABF286-795A-40F9-A560-3561FC02584C}.Debug|Any CPU.Build.0 = Debug|Any CPU
		{B6ABF286-795A-40F9-A560-3561FC02584C}.Release|Any CPU.ActiveCfg = Release|Any CPU
		{B6ABF286-795A-40F9-A560-3561FC02584C}.Release|Any CPU.Build.0 = Release|Any CPU
	EndGlobalSection
	GlobalSection(SolutionProperties) = preSolution
		HideSolutionNode = FALSE
	EndGlobalSection
	GlobalSection(ExtensibilityGlobals) = postSolution
		SolutionGuid = {102A3131-5A0A-4048-A6EE-6704B8286C6F}
	EndGlobalSection
EndGlobal
